// !$*UTF8*$!
{
	archiveVersion = 1;
	classes = {
	};
	objectVersion = 46;
	objects = {

/* Begin PBXBuildFile section */
		609513A90E8BC8BECE57410E /* Pods_MemeMe.framework in Frameworks */ = {isa = PBXBuildFile; fileRef = 47DD830E6178553D3228309E /* Pods_MemeMe.framework */; };
		74A6B8C00859CEC1AE95F473 /* Pods_MemeMeUITests.framework in Frameworks */ = {isa = PBXBuildFile; fileRef = D8F1827E8842EC82D86E8300 /* Pods_MemeMeUITests.framework */; };
		9DBECDFED26305EE09318B3A /* Pods_MemeMeTests.framework in Frameworks */ = {isa = PBXBuildFile; fileRef = CFF7A5F879F0FF5DA3C47DE4 /* Pods_MemeMeTests.framework */; };
		EE44A7DE1E97D23200C9C49F /* ArtKit.swift in Sources */ = {isa = PBXBuildFile; fileRef = EE44A7DD1E97D23200C9C49F /* ArtKit.swift */; };
		EE44A7E01E97D39800C9C49F /* ArtKitButton.swift in Sources */ = {isa = PBXBuildFile; fileRef = EE44A7DF1E97D39800C9C49F /* ArtKitButton.swift */; };
		EE4C810D1EA34E6C009CA8EA /* UIView+Convert.swift in Sources */ = {isa = PBXBuildFile; fileRef = EE4C810C1EA34E6C009CA8EA /* UIView+Convert.swift */; };
		EE4C810F1EA39C0A009CA8EA /* FocusOnContentView.swift in Sources */ = {isa = PBXBuildFile; fileRef = EE4C810E1EA39C0A009CA8EA /* FocusOnContentView.swift */; };
		EE6885A11E9CE9160021F696 /* MemeView.swift in Sources */ = {isa = PBXBuildFile; fileRef = EE6885A01E9CE9160021F696 /* MemeView.swift */; };
		EE6C54A41E9F52F40014A102 /* TextField.swift in Sources */ = {isa = PBXBuildFile; fileRef = EE6C549D1E9F52F40014A102 /* TextField.swift */; };
		EE6C54A51E9F52F40014A102 /* Default.swift in Sources */ = {isa = PBXBuildFile; fileRef = EE6C54A01E9F52F40014A102 /* Default.swift */; };
		EE6C54A61E9F52F40014A102 /* Error_.swift in Sources */ = {isa = PBXBuildFile; fileRef = EE6C54A11E9F52F40014A102 /* Error_.swift */; };
		EE6C54A71E9F52F40014A102 /* UIView+Fadeable.swift in Sources */ = {isa = PBXBuildFile; fileRef = EE6C54A31E9F52F40014A102 /* UIView+Fadeable.swift */; };
		EE6C54A91E9F54A10014A102 /* CGSize+Ease.swift in Sources */ = {isa = PBXBuildFile; fileRef = EE6C54A81E9F54A10014A102 /* CGSize+Ease.swift */; };
		EE6C54AB1E9FA0760014A102 /* Overlay.swift in Sources */ = {isa = PBXBuildFile; fileRef = EE6C54AA1E9FA0760014A102 /* Overlay.swift */; };
		EE6C54AD1EA068E90014A102 /* Keyboard.swift in Sources */ = {isa = PBXBuildFile; fileRef = EE6C54AC1EA068E90014A102 /* Keyboard.swift */; };
		EE6C54AF1EA08DF50014A102 /* UIView+Animations.swift in Sources */ = {isa = PBXBuildFile; fileRef = EE6C54AE1EA08DF50014A102 /* UIView+Animations.swift */; };
		EE758CCC1EA26E1100F2E794 /* CGRect+Ease.swift in Sources */ = {isa = PBXBuildFile; fileRef = EE758CCB1EA26E1100F2E794 /* CGRect+Ease.swift */; };
		EE894ABC1E5C99AC0066A4FE /* AppDelegate.swift in Sources */ = {isa = PBXBuildFile; fileRef = EE894ABB1E5C99AC0066A4FE /* AppDelegate.swift */; };
		EE894ABE1E5C99AC0066A4FE /* MemeEditorViewController.swift in Sources */ = {isa = PBXBuildFile; fileRef = EE894ABD1E5C99AC0066A4FE /* MemeEditorViewController.swift */; };
		EE894AC11E5C99AC0066A4FE /* Main.storyboard in Resources */ = {isa = PBXBuildFile; fileRef = EE894ABF1E5C99AC0066A4FE /* Main.storyboard */; };
		EE894AC31E5C99AC0066A4FE /* Assets.xcassets in Resources */ = {isa = PBXBuildFile; fileRef = EE894AC21E5C99AC0066A4FE /* Assets.xcassets */; };
		EE894AC61E5C99AC0066A4FE /* LaunchScreen.storyboard in Resources */ = {isa = PBXBuildFile; fileRef = EE894AC41E5C99AC0066A4FE /* LaunchScreen.storyboard */; };
		EE894AD11E5C99AC0066A4FE /* MemeMeTests.swift in Sources */ = {isa = PBXBuildFile; fileRef = EE894AD01E5C99AC0066A4FE /* MemeMeTests.swift */; };
		EE894ADC1E5C99AC0066A4FE /* MemeMeUITests.swift in Sources */ = {isa = PBXBuildFile; fileRef = EE894ADB1E5C99AC0066A4FE /* MemeMeUITests.swift */; };
		EEB3C4C51E9C703900871423 /* ViewController.swift in Sources */ = {isa = PBXBuildFile; fileRef = EEB3C4C41E9C703900871423 /* ViewController.swift */; };
		EEDA3F7A1E9D1D83006ABCCC /* FocusOnTextView.swift in Sources */ = {isa = PBXBuildFile; fileRef = EEDA3F791E9D1D83006ABCCC /* FocusOnTextView.swift */; };
		EEDF111D1E99117700BCCF05 /* ionicons.ttf in Resources */ = {isa = PBXBuildFile; fileRef = EEDF111C1E99117700BCCF05 /* ionicons.ttf */; };
		EEDF112D1E9BAD0200BCCF05 /* DynamicImageView.swift in Sources */ = {isa = PBXBuildFile; fileRef = EEDF112C1E9BAD0200BCCF05 /* DynamicImageView.swift */; };
/* End PBXBuildFile section */

/* Begin PBXContainerItemProxy section */
		EE894ACD1E5C99AC0066A4FE /* PBXContainerItemProxy */ = {
			isa = PBXContainerItemProxy;
			containerPortal = EE894AB01E5C99AC0066A4FE /* Project object */;
			proxyType = 1;
			remoteGlobalIDString = EE894AB71E5C99AC0066A4FE;
			remoteInfo = MemeMe;
		};
		EE894AD81E5C99AC0066A4FE /* PBXContainerItemProxy */ = {
			isa = PBXContainerItemProxy;
			containerPortal = EE894AB01E5C99AC0066A4FE /* Project object */;
			proxyType = 1;
			remoteGlobalIDString = EE894AB71E5C99AC0066A4FE;
			remoteInfo = MemeMe;
		};
/* End PBXContainerItemProxy section */

/* Begin PBXFileReference section */
		1A2B45E0091610C302DAAEF0 /* Pods-MemeMeUITests.release.xcconfig */ = {isa = PBXFileReference; includeInIndex = 1; lastKnownFileType = text.xcconfig; name = "Pods-MemeMeUITests.release.xcconfig"; path = "Pods/Target Support Files/Pods-MemeMeUITests/Pods-MemeMeUITests.release.xcconfig"; sourceTree = "<group>"; };
		47DD830E6178553D3228309E /* Pods_MemeMe.framework */ = {isa = PBXFileReference; explicitFileType = wrapper.framework; includeInIndex = 0; path = Pods_MemeMe.framework; sourceTree = BUILT_PRODUCTS_DIR; };
		4DE4132AE264A20E9960029E /* Pods-MemeMeTests.debug.xcconfig */ = {isa = PBXFileReference; includeInIndex = 1; lastKnownFileType = text.xcconfig; name = "Pods-MemeMeTests.debug.xcconfig"; path = "Pods/Target Support Files/Pods-MemeMeTests/Pods-MemeMeTests.debug.xcconfig"; sourceTree = "<group>"; };
		505D273B2CC2E30370DC21FA /* Pods-MemeMeTests.release.xcconfig */ = {isa = PBXFileReference; includeInIndex = 1; lastKnownFileType = text.xcconfig; name = "Pods-MemeMeTests.release.xcconfig"; path = "Pods/Target Support Files/Pods-MemeMeTests/Pods-MemeMeTests.release.xcconfig"; sourceTree = "<group>"; };
		6B55D7A7E7413C0C698A8AD7 /* Pods-MemeMe.release.xcconfig */ = {isa = PBXFileReference; includeInIndex = 1; lastKnownFileType = text.xcconfig; name = "Pods-MemeMe.release.xcconfig"; path = "Pods/Target Support Files/Pods-MemeMe/Pods-MemeMe.release.xcconfig"; sourceTree = "<group>"; };
		6BB33ACFCB4122BA83B8DAD6 /* Pods-MemeMe.debug.xcconfig */ = {isa = PBXFileReference; includeInIndex = 1; lastKnownFileType = text.xcconfig; name = "Pods-MemeMe.debug.xcconfig"; path = "Pods/Target Support Files/Pods-MemeMe/Pods-MemeMe.debug.xcconfig"; sourceTree = "<group>"; };
		94E4233EFE3F4A0EB967850B /* Pods-MemeMeUITests.debug.xcconfig */ = {isa = PBXFileReference; includeInIndex = 1; lastKnownFileType = text.xcconfig; name = "Pods-MemeMeUITests.debug.xcconfig"; path = "Pods/Target Support Files/Pods-MemeMeUITests/Pods-MemeMeUITests.debug.xcconfig"; sourceTree = "<group>"; };
		CFF7A5F879F0FF5DA3C47DE4 /* Pods_MemeMeTests.framework */ = {isa = PBXFileReference; explicitFileType = wrapper.framework; includeInIndex = 0; path = Pods_MemeMeTests.framework; sourceTree = BUILT_PRODUCTS_DIR; };
		D8F1827E8842EC82D86E8300 /* Pods_MemeMeUITests.framework */ = {isa = PBXFileReference; explicitFileType = wrapper.framework; includeInIndex = 0; path = Pods_MemeMeUITests.framework; sourceTree = BUILT_PRODUCTS_DIR; };
		EE44A7DD1E97D23200C9C49F /* ArtKit.swift */ = {isa = PBXFileReference; fileEncoding = 4; lastKnownFileType = sourcecode.swift; name = ArtKit.swift; path = View/ArtKit.swift; sourceTree = "<group>"; };
		EE44A7DF1E97D39800C9C49F /* ArtKitButton.swift */ = {isa = PBXFileReference; fileEncoding = 4; lastKnownFileType = sourcecode.swift; name = ArtKitButton.swift; path = View/ArtKitButton.swift; sourceTree = "<group>"; };
		EE4C810C1EA34E6C009CA8EA /* UIView+Convert.swift */ = {isa = PBXFileReference; fileEncoding = 4; lastKnownFileType = sourcecode.swift; path = "UIView+Convert.swift"; sourceTree = "<group>"; };
		EE4C810E1EA39C0A009CA8EA /* FocusOnContentView.swift */ = {isa = PBXFileReference; fileEncoding = 4; lastKnownFileType = sourcecode.swift; path = FocusOnContentView.swift; sourceTree = "<group>"; };
		EE6885A01E9CE9160021F696 /* MemeView.swift */ = {isa = PBXFileReference; fileEncoding = 4; lastKnownFileType = sourcecode.swift; name = MemeView.swift; path = View/MemeView.swift; sourceTree = "<group>"; };
		EE6C549D1E9F52F40014A102 /* TextField.swift */ = {isa = PBXFileReference; fileEncoding = 4; lastKnownFileType = sourcecode.swift; path = TextField.swift; sourceTree = "<group>"; };
		EE6C54A01E9F52F40014A102 /* Default.swift */ = {isa = PBXFileReference; fileEncoding = 4; lastKnownFileType = sourcecode.swift; path = Default.swift; sourceTree = "<group>"; };
		EE6C54A11E9F52F40014A102 /* Error_.swift */ = {isa = PBXFileReference; fileEncoding = 4; lastKnownFileType = sourcecode.swift; path = Error_.swift; sourceTree = "<group>"; };
		EE6C54A31E9F52F40014A102 /* UIView+Fadeable.swift */ = {isa = PBXFileReference; fileEncoding = 4; lastKnownFileType = sourcecode.swift; path = "UIView+Fadeable.swift"; sourceTree = "<group>"; };
		EE6C54A81E9F54A10014A102 /* CGSize+Ease.swift */ = {isa = PBXFileReference; fileEncoding = 4; lastKnownFileType = sourcecode.swift; path = "CGSize+Ease.swift"; sourceTree = "<group>"; };
		EE6C54AA1E9FA0760014A102 /* Overlay.swift */ = {isa = PBXFileReference; fileEncoding = 4; lastKnownFileType = sourcecode.swift; path = Overlay.swift; sourceTree = "<group>"; };
		EE6C54AC1EA068E90014A102 /* Keyboard.swift */ = {isa = PBXFileReference; fileEncoding = 4; lastKnownFileType = sourcecode.swift; name = Keyboard.swift; path = Reusable/Keyboard.swift; sourceTree = "<group>"; };
		EE6C54AE1EA08DF50014A102 /* UIView+Animations.swift */ = {isa = PBXFileReference; fileEncoding = 4; lastKnownFileType = sourcecode.swift; path = "UIView+Animations.swift"; sourceTree = "<group>"; };
		EE758CCB1EA26E1100F2E794 /* CGRect+Ease.swift */ = {isa = PBXFileReference; fileEncoding = 4; lastKnownFileType = sourcecode.swift; path = "CGRect+Ease.swift"; sourceTree = "<group>"; };
		EE894AB81E5C99AC0066A4FE /* MemeMe.app */ = {isa = PBXFileReference; explicitFileType = wrapper.application; includeInIndex = 0; path = MemeMe.app; sourceTree = BUILT_PRODUCTS_DIR; };
		EE894ABB1E5C99AC0066A4FE /* AppDelegate.swift */ = {isa = PBXFileReference; lastKnownFileType = sourcecode.swift; path = AppDelegate.swift; sourceTree = "<group>"; };
		EE894ABD1E5C99AC0066A4FE /* MemeEditorViewController.swift */ = {isa = PBXFileReference; lastKnownFileType = sourcecode.swift; name = MemeEditorViewController.swift; path = Controller/MemeEditorViewController.swift; sourceTree = "<group>"; };
		EE894AC01E5C99AC0066A4FE /* Base */ = {isa = PBXFileReference; lastKnownFileType = file.storyboard; name = Base; path = Base.lproj/Main.storyboard; sourceTree = "<group>"; };
		EE894AC21E5C99AC0066A4FE /* Assets.xcassets */ = {isa = PBXFileReference; lastKnownFileType = folder.assetcatalog; path = Assets.xcassets; sourceTree = "<group>"; };
		EE894AC51E5C99AC0066A4FE /* Base */ = {isa = PBXFileReference; lastKnownFileType = file.storyboard; name = Base; path = Base.lproj/LaunchScreen.storyboard; sourceTree = "<group>"; };
		EE894AC71E5C99AC0066A4FE /* Info.plist */ = {isa = PBXFileReference; lastKnownFileType = text.plist.xml; path = Info.plist; sourceTree = "<group>"; };
		EE894ACC1E5C99AC0066A4FE /* MemeMeTests.xctest */ = {isa = PBXFileReference; explicitFileType = wrapper.cfbundle; includeInIndex = 0; path = MemeMeTests.xctest; sourceTree = BUILT_PRODUCTS_DIR; };
		EE894AD01E5C99AC0066A4FE /* MemeMeTests.swift */ = {isa = PBXFileReference; lastKnownFileType = sourcecode.swift; path = MemeMeTests.swift; sourceTree = "<group>"; };
		EE894AD21E5C99AC0066A4FE /* Info.plist */ = {isa = PBXFileReference; lastKnownFileType = text.plist.xml; path = Info.plist; sourceTree = "<group>"; };
		EE894AD71E5C99AC0066A4FE /* MemeMeUITests.xctest */ = {isa = PBXFileReference; explicitFileType = wrapper.cfbundle; includeInIndex = 0; path = MemeMeUITests.xctest; sourceTree = BUILT_PRODUCTS_DIR; };
		EE894ADB1E5C99AC0066A4FE /* MemeMeUITests.swift */ = {isa = PBXFileReference; lastKnownFileType = sourcecode.swift; path = MemeMeUITests.swift; sourceTree = "<group>"; };
		EE894ADD1E5C99AC0066A4FE /* Info.plist */ = {isa = PBXFileReference; lastKnownFileType = text.plist.xml; path = Info.plist; sourceTree = "<group>"; };
		EEB3C4C41E9C703900871423 /* ViewController.swift */ = {isa = PBXFileReference; fileEncoding = 4; lastKnownFileType = sourcecode.swift; name = ViewController.swift; path = Controller/ViewController.swift; sourceTree = "<group>"; };
		EEDA3F791E9D1D83006ABCCC /* FocusOnTextView.swift */ = {isa = PBXFileReference; fileEncoding = 4; lastKnownFileType = sourcecode.swift; path = FocusOnTextView.swift; sourceTree = "<group>"; };
		EEDF111C1E99117700BCCF05 /* ionicons.ttf */ = {isa = PBXFileReference; lastKnownFileType = file; name = ionicons.ttf; path = Fonts/ionicons.ttf; sourceTree = "<group>"; };
		EEDF112C1E9BAD0200BCCF05 /* DynamicImageView.swift */ = {isa = PBXFileReference; fileEncoding = 4; lastKnownFileType = sourcecode.swift; path = DynamicImageView.swift; sourceTree = "<group>"; };
/* End PBXFileReference section */

/* Begin PBXFrameworksBuildPhase section */
		EE894AB51E5C99AC0066A4FE /* Frameworks */ = {
			isa = PBXFrameworksBuildPhase;
			buildActionMask = 2147483647;
			files = (
				609513A90E8BC8BECE57410E /* Pods_MemeMe.framework in Frameworks */,
			);
			runOnlyForDeploymentPostprocessing = 0;
		};
		EE894AC91E5C99AC0066A4FE /* Frameworks */ = {
			isa = PBXFrameworksBuildPhase;
			buildActionMask = 2147483647;
			files = (
				9DBECDFED26305EE09318B3A /* Pods_MemeMeTests.framework in Frameworks */,
			);
			runOnlyForDeploymentPostprocessing = 0;
		};
		EE894AD41E5C99AC0066A4FE /* Frameworks */ = {
			isa = PBXFrameworksBuildPhase;
			buildActionMask = 2147483647;
			files = (
				74A6B8C00859CEC1AE95F473 /* Pods_MemeMeUITests.framework in Frameworks */,
			);
			runOnlyForDeploymentPostprocessing = 0;
		};
/* End PBXFrameworksBuildPhase section */

/* Begin PBXGroup section */
		5B8E532B1A61330CD54CA6FE /* Pods */ = {
			isa = PBXGroup;
			children = (
				6BB33ACFCB4122BA83B8DAD6 /* Pods-MemeMe.debug.xcconfig */,
				6B55D7A7E7413C0C698A8AD7 /* Pods-MemeMe.release.xcconfig */,
				4DE4132AE264A20E9960029E /* Pods-MemeMeTests.debug.xcconfig */,
				505D273B2CC2E30370DC21FA /* Pods-MemeMeTests.release.xcconfig */,
				94E4233EFE3F4A0EB967850B /* Pods-MemeMeUITests.debug.xcconfig */,
				1A2B45E0091610C302DAAEF0 /* Pods-MemeMeUITests.release.xcconfig */,
			);
			name = Pods;
			sourceTree = "<group>";
		};
		7E498460BAA7F214AF27282A /* Frameworks */ = {
			isa = PBXGroup;
			children = (
				47DD830E6178553D3228309E /* Pods_MemeMe.framework */,
				CFF7A5F879F0FF5DA3C47DE4 /* Pods_MemeMeTests.framework */,
				D8F1827E8842EC82D86E8300 /* Pods_MemeMeUITests.framework */,
			);
			name = Frameworks;
			sourceTree = "<group>";
		};
		EE44A7D91E97D16200C9C49F /* Controller */ = {
			isa = PBXGroup;
			children = (
				EE894ABD1E5C99AC0066A4FE /* MemeEditorViewController.swift */,
				EEB3C4C41E9C703900871423 /* ViewController.swift */,
			);
			name = Controller;
			sourceTree = "<group>";
		};
		EE44A7DA1E97D17000C9C49F /* Model */ = {
			isa = PBXGroup;
			children = (
			);
			name = Model;
			sourceTree = "<group>";
		};
		EE44A7DB1E97D17600C9C49F /* View */ = {
			isa = PBXGroup;
			children = (
				EE44A7DD1E97D23200C9C49F /* ArtKit.swift */,
				EE44A7DF1E97D39800C9C49F /* ArtKitButton.swift */,
				EE6885A01E9CE9160021F696 /* MemeView.swift */,
			);
			name = View;
			sourceTree = "<group>";
		};
		EE44A7DC1E97D1B800C9C49F /* Assets */ = {
			isa = PBXGroup;
			children = (
				EEDF111B1E99116100BCCF05 /* Fonts */,
				EE894ABF1E5C99AC0066A4FE /* Main.storyboard */,
				EE894AC21E5C99AC0066A4FE /* Assets.xcassets */,
				EE894AC41E5C99AC0066A4FE /* LaunchScreen.storyboard */,
			);
			name = Assets;
			sourceTree = "<group>";
		};
		EE6C549C1E9F52F40014A102 /* CustomViews */ = {
			isa = PBXGroup;
			children = (
				EEDF112C1E9BAD0200BCCF05 /* DynamicImageView.swift */,
				EE4C810E1EA39C0A009CA8EA /* FocusOnContentView.swift */,
				EEDA3F791E9D1D83006ABCCC /* FocusOnTextView.swift */,
				EE6C54AA1E9FA0760014A102 /* Overlay.swift */,
				EE6C549D1E9F52F40014A102 /* TextField.swift */,
			);
			name = CustomViews;
			path = Reusable/CustomViews;
			sourceTree = "<group>";
		};
		EE6C549E1E9F52F40014A102 /* EaseExtensions */ = {
			isa = PBXGroup;
			children = (
				EE6C54A81E9F54A10014A102 /* CGSize+Ease.swift */,
				EE758CCB1EA26E1100F2E794 /* CGRect+Ease.swift */,
			);
			name = EaseExtensions;
			path = Reusable/EaseExtensions;
			sourceTree = "<group>";
		};
		EE6C549F1E9F52F40014A102 /* MustImport */ = {
			isa = PBXGroup;
			children = (
				EE6C54A01E9F52F40014A102 /* Default.swift */,
				EE6C54A11E9F52F40014A102 /* Error_.swift */,
			);
			name = MustImport;
			path = Reusable/MustImport;
			sourceTree = "<group>";
		};
		EE6C54A21E9F52F40014A102 /* UIView */ = {
			isa = PBXGroup;
			children = (
				EE6C54AE1EA08DF50014A102 /* UIView+Animations.swift */,
				EE6C54A31E9F52F40014A102 /* UIView+Fadeable.swift */,
				EE4C810C1EA34E6C009CA8EA /* UIView+Convert.swift */,
			);
			name = UIView;
			path = Reusable/UIView;
			sourceTree = "<group>";
		};
		EE894AAF1E5C99AC0066A4FE = {
			isa = PBXGroup;
			children = (
				EEDF111E1E99F37E00BCCF05 /* Reusable */,
				EE894ABA1E5C99AC0066A4FE /* MemeMe */,
				EE894ACF1E5C99AC0066A4FE /* MemeMeTests */,
				EE894ADA1E5C99AC0066A4FE /* MemeMeUITests */,
				EE894AB91E5C99AC0066A4FE /* Products */,
				5B8E532B1A61330CD54CA6FE /* Pods */,
				7E498460BAA7F214AF27282A /* Frameworks */,
			);
			sourceTree = "<group>";
		};
		EE894AB91E5C99AC0066A4FE /* Products */ = {
			isa = PBXGroup;
			children = (
				EE894AB81E5C99AC0066A4FE /* MemeMe.app */,
				EE894ACC1E5C99AC0066A4FE /* MemeMeTests.xctest */,
				EE894AD71E5C99AC0066A4FE /* MemeMeUITests.xctest */,
			);
			name = Products;
			sourceTree = "<group>";
		};
		EE894ABA1E5C99AC0066A4FE /* MemeMe */ = {
			isa = PBXGroup;
			children = (
				EE44A7DA1E97D17000C9C49F /* Model */,
				EE44A7DB1E97D17600C9C49F /* View */,
				EE44A7D91E97D16200C9C49F /* Controller */,
				EE894ABB1E5C99AC0066A4FE /* AppDelegate.swift */,
				EE44A7DC1E97D1B800C9C49F /* Assets */,
				EE894AC71E5C99AC0066A4FE /* Info.plist */,
			);
			path = MemeMe;
			sourceTree = "<group>";
		};
		EE894ACF1E5C99AC0066A4FE /* MemeMeTests */ = {
			isa = PBXGroup;
			children = (
				EE894AD01E5C99AC0066A4FE /* MemeMeTests.swift */,
				EE894AD21E5C99AC0066A4FE /* Info.plist */,
			);
			path = MemeMeTests;
			sourceTree = "<group>";
		};
		EE894ADA1E5C99AC0066A4FE /* MemeMeUITests */ = {
			isa = PBXGroup;
			children = (
				EE894ADB1E5C99AC0066A4FE /* MemeMeUITests.swift */,
				EE894ADD1E5C99AC0066A4FE /* Info.plist */,
			);
			path = MemeMeUITests;
			sourceTree = "<group>";
		};
		EEDF111B1E99116100BCCF05 /* Fonts */ = {
			isa = PBXGroup;
			children = (
				EEDF111C1E99117700BCCF05 /* ionicons.ttf */,
			);
			name = Fonts;
			sourceTree = "<group>";
		};
		EEDF111E1E99F37E00BCCF05 /* Reusable */ = {
			isa = PBXGroup;
			children = (
				EE6C549F1E9F52F40014A102 /* MustImport */,
				EE6C549C1E9F52F40014A102 /* CustomViews */,
				EE6C549E1E9F52F40014A102 /* EaseExtensions */,
				EE6C54A21E9F52F40014A102 /* UIView */,
				EE6C54AC1EA068E90014A102 /* Keyboard.swift */,
			);
			name = Reusable;
			sourceTree = "<group>";
		};
/* End PBXGroup section */

/* Begin PBXNativeTarget section */
		EE894AB71E5C99AC0066A4FE /* MemeMe */ = {
			isa = PBXNativeTarget;
			buildConfigurationList = EE894AE01E5C99AC0066A4FE /* Build configuration list for PBXNativeTarget "MemeMe" */;
			buildPhases = (
				76CD3F5E328A25ADFF63CA7D /* [CP] Check Pods Manifest.lock */,
				EE894AB41E5C99AC0066A4FE /* Sources */,
				EE894AB51E5C99AC0066A4FE /* Frameworks */,
				EE894AB61E5C99AC0066A4FE /* Resources */,
				2D5E2991AE2BD61408B33C8E /* [CP] Embed Pods Frameworks */,
				8830C371AF4D121CDC7B08EE /* [CP] Copy Pods Resources */,
			);
			buildRules = (
			);
			dependencies = (
			);
			name = MemeMe;
			productName = MemeMe;
			productReference = EE894AB81E5C99AC0066A4FE /* MemeMe.app */;
			productType = "com.apple.product-type.application";
		};
		EE894ACB1E5C99AC0066A4FE /* MemeMeTests */ = {
			isa = PBXNativeTarget;
			buildConfigurationList = EE894AE31E5C99AC0066A4FE /* Build configuration list for PBXNativeTarget "MemeMeTests" */;
			buildPhases = (
				A5669557630ABF8D815EEE98 /* [CP] Check Pods Manifest.lock */,
				EE894AC81E5C99AC0066A4FE /* Sources */,
				EE894AC91E5C99AC0066A4FE /* Frameworks */,
				EE894ACA1E5C99AC0066A4FE /* Resources */,
				35295AA870B033602E86BB85 /* [CP] Embed Pods Frameworks */,
				5AE620A472AA13922496E425 /* [CP] Copy Pods Resources */,
			);
			buildRules = (
			);
			dependencies = (
				EE894ACE1E5C99AC0066A4FE /* PBXTargetDependency */,
			);
			name = MemeMeTests;
			productName = MemeMeTests;
			productReference = EE894ACC1E5C99AC0066A4FE /* MemeMeTests.xctest */;
			productType = "com.apple.product-type.bundle.unit-test";
		};
		EE894AD61E5C99AC0066A4FE /* MemeMeUITests */ = {
			isa = PBXNativeTarget;
			buildConfigurationList = EE894AE61E5C99AC0066A4FE /* Build configuration list for PBXNativeTarget "MemeMeUITests" */;
			buildPhases = (
				6AA9CC02B751218CA184D115 /* [CP] Check Pods Manifest.lock */,
				EE894AD31E5C99AC0066A4FE /* Sources */,
				EE894AD41E5C99AC0066A4FE /* Frameworks */,
				EE894AD51E5C99AC0066A4FE /* Resources */,
				E11B4CCAFA0A83EE01FCD7F5 /* [CP] Embed Pods Frameworks */,
				94FAA6F65CE1439FB8C52EE5 /* [CP] Copy Pods Resources */,
			);
			buildRules = (
			);
			dependencies = (
				EE894AD91E5C99AC0066A4FE /* PBXTargetDependency */,
			);
			name = MemeMeUITests;
			productName = MemeMeUITests;
			productReference = EE894AD71E5C99AC0066A4FE /* MemeMeUITests.xctest */;
			productType = "com.apple.product-type.bundle.ui-testing";
		};
/* End PBXNativeTarget section */

/* Begin PBXProject section */
		EE894AB01E5C99AC0066A4FE /* Project object */ = {
			isa = PBXProject;
			attributes = {
				LastSwiftUpdateCheck = 0820;
				LastUpgradeCheck = 0820;
				ORGANIZATIONNAME = "Shobhit Gupta";
				TargetAttributes = {
					EE894AB71E5C99AC0066A4FE = {
						CreatedOnToolsVersion = 8.2.1;
						DevelopmentTeam = AR27PDZ76S;
						ProvisioningStyle = Automatic;
					};
					EE894ACB1E5C99AC0066A4FE = {
						CreatedOnToolsVersion = 8.2.1;
						DevelopmentTeam = AR27PDZ76S;
						ProvisioningStyle = Automatic;
						TestTargetID = EE894AB71E5C99AC0066A4FE;
					};
					EE894AD61E5C99AC0066A4FE = {
						CreatedOnToolsVersion = 8.2.1;
						DevelopmentTeam = AR27PDZ76S;
						ProvisioningStyle = Automatic;
						TestTargetID = EE894AB71E5C99AC0066A4FE;
					};
				};
			};
			buildConfigurationList = EE894AB31E5C99AC0066A4FE /* Build configuration list for PBXProject "MemeMe" */;
			compatibilityVersion = "Xcode 3.2";
			developmentRegion = English;
			hasScannedForEncodings = 0;
			knownRegions = (
				en,
				Base,
			);
			mainGroup = EE894AAF1E5C99AC0066A4FE;
			productRefGroup = EE894AB91E5C99AC0066A4FE /* Products */;
			projectDirPath = "";
			projectRoot = "";
			targets = (
				EE894AB71E5C99AC0066A4FE /* MemeMe */,
				EE894ACB1E5C99AC0066A4FE /* MemeMeTests */,
				EE894AD61E5C99AC0066A4FE /* MemeMeUITests */,
			);
		};
/* End PBXProject section */

/* Begin PBXResourcesBuildPhase section */
		EE894AB61E5C99AC0066A4FE /* Resources */ = {
			isa = PBXResourcesBuildPhase;
			buildActionMask = 2147483647;
			files = (
				EE894AC61E5C99AC0066A4FE /* LaunchScreen.storyboard in Resources */,
				EE894AC31E5C99AC0066A4FE /* Assets.xcassets in Resources */,
				EEDF111D1E99117700BCCF05 /* ionicons.ttf in Resources */,
				EE894AC11E5C99AC0066A4FE /* Main.storyboard in Resources */,
			);
			runOnlyForDeploymentPostprocessing = 0;
		};
		EE894ACA1E5C99AC0066A4FE /* Resources */ = {
			isa = PBXResourcesBuildPhase;
			buildActionMask = 2147483647;
			files = (
			);
			runOnlyForDeploymentPostprocessing = 0;
		};
		EE894AD51E5C99AC0066A4FE /* Resources */ = {
			isa = PBXResourcesBuildPhase;
			buildActionMask = 2147483647;
			files = (
			);
			runOnlyForDeploymentPostprocessing = 0;
		};
/* End PBXResourcesBuildPhase section */

/* Begin PBXShellScriptBuildPhase section */
		2D5E2991AE2BD61408B33C8E /* [CP] Embed Pods Frameworks */ = {
			isa = PBXShellScriptBuildPhase;
			buildActionMask = 2147483647;
			files = (
			);
			inputPaths = (
			);
			name = "[CP] Embed Pods Frameworks";
			outputPaths = (
			);
			runOnlyForDeploymentPostprocessing = 0;
			shellPath = /bin/sh;
			shellScript = "\"${SRCROOT}/Pods/Target Support Files/Pods-MemeMe/Pods-MemeMe-frameworks.sh\"\n";
			showEnvVarsInLog = 0;
		};
		35295AA870B033602E86BB85 /* [CP] Embed Pods Frameworks */ = {
			isa = PBXShellScriptBuildPhase;
			buildActionMask = 2147483647;
			files = (
			);
			inputPaths = (
			);
			name = "[CP] Embed Pods Frameworks";
			outputPaths = (
			);
			runOnlyForDeploymentPostprocessing = 0;
			shellPath = /bin/sh;
			shellScript = "\"${SRCROOT}/Pods/Target Support Files/Pods-MemeMeTests/Pods-MemeMeTests-frameworks.sh\"\n";
			showEnvVarsInLog = 0;
		};
		5AE620A472AA13922496E425 /* [CP] Copy Pods Resources */ = {
			isa = PBXShellScriptBuildPhase;
			buildActionMask = 2147483647;
			files = (
			);
			inputPaths = (
			);
			name = "[CP] Copy Pods Resources";
			outputPaths = (
			);
			runOnlyForDeploymentPostprocessing = 0;
			shellPath = /bin/sh;
			shellScript = "\"${SRCROOT}/Pods/Target Support Files/Pods-MemeMeTests/Pods-MemeMeTests-resources.sh\"\n";
			showEnvVarsInLog = 0;
		};
		6AA9CC02B751218CA184D115 /* [CP] Check Pods Manifest.lock */ = {
			isa = PBXShellScriptBuildPhase;
			buildActionMask = 2147483647;
			files = (
			);
			inputPaths = (
			);
			name = "[CP] Check Pods Manifest.lock";
			outputPaths = (
			);
			runOnlyForDeploymentPostprocessing = 0;
			shellPath = /bin/sh;
			shellScript = "diff \"${PODS_ROOT}/../Podfile.lock\" \"${PODS_ROOT}/Manifest.lock\" > /dev/null\nif [ $? != 0 ] ; then\n    # print error to STDERR\n    echo \"error: The sandbox is not in sync with the Podfile.lock. Run 'pod install' or update your CocoaPods installation.\" >&2\n    exit 1\nfi\n";
			showEnvVarsInLog = 0;
		};
		76CD3F5E328A25ADFF63CA7D /* [CP] Check Pods Manifest.lock */ = {
			isa = PBXShellScriptBuildPhase;
			buildActionMask = 2147483647;
			files = (
			);
			inputPaths = (
			);
			name = "[CP] Check Pods Manifest.lock";
			outputPaths = (
			);
			runOnlyForDeploymentPostprocessing = 0;
			shellPath = /bin/sh;
			shellScript = "diff \"${PODS_ROOT}/../Podfile.lock\" \"${PODS_ROOT}/Manifest.lock\" > /dev/null\nif [ $? != 0 ] ; then\n    # print error to STDERR\n    echo \"error: The sandbox is not in sync with the Podfile.lock. Run 'pod install' or update your CocoaPods installation.\" >&2\n    exit 1\nfi\n";
			showEnvVarsInLog = 0;
		};
		8830C371AF4D121CDC7B08EE /* [CP] Copy Pods Resources */ = {
			isa = PBXShellScriptBuildPhase;
			buildActionMask = 2147483647;
			files = (
			);
			inputPaths = (
			);
			name = "[CP] Copy Pods Resources";
			outputPaths = (
			);
			runOnlyForDeploymentPostprocessing = 0;
			shellPath = /bin/sh;
			shellScript = "\"${SRCROOT}/Pods/Target Support Files/Pods-MemeMe/Pods-MemeMe-resources.sh\"\n";
			showEnvVarsInLog = 0;
		};
		94FAA6F65CE1439FB8C52EE5 /* [CP] Copy Pods Resources */ = {
			isa = PBXShellScriptBuildPhase;
			buildActionMask = 2147483647;
			files = (
			);
			inputPaths = (
			);
			name = "[CP] Copy Pods Resources";
			outputPaths = (
			);
			runOnlyForDeploymentPostprocessing = 0;
			shellPath = /bin/sh;
			shellScript = "\"${SRCROOT}/Pods/Target Support Files/Pods-MemeMeUITests/Pods-MemeMeUITests-resources.sh\"\n";
			showEnvVarsInLog = 0;
		};
		A5669557630ABF8D815EEE98 /* [CP] Check Pods Manifest.lock */ = {
			isa = PBXShellScriptBuildPhase;
			buildActionMask = 2147483647;
			files = (
			);
			inputPaths = (
			);
			name = "[CP] Check Pods Manifest.lock";
			outputPaths = (
			);
			runOnlyForDeploymentPostprocessing = 0;
			shellPath = /bin/sh;
			shellScript = "diff \"${PODS_ROOT}/../Podfile.lock\" \"${PODS_ROOT}/Manifest.lock\" > /dev/null\nif [ $? != 0 ] ; then\n    # print error to STDERR\n    echo \"error: The sandbox is not in sync with the Podfile.lock. Run 'pod install' or update your CocoaPods installation.\" >&2\n    exit 1\nfi\n";
			showEnvVarsInLog = 0;
		};
		E11B4CCAFA0A83EE01FCD7F5 /* [CP] Embed Pods Frameworks */ = {
			isa = PBXShellScriptBuildPhase;
			buildActionMask = 2147483647;
			files = (
			);
			inputPaths = (
			);
			name = "[CP] Embed Pods Frameworks";
			outputPaths = (
			);
			runOnlyForDeploymentPostprocessing = 0;
			shellPath = /bin/sh;
			shellScript = "\"${SRCROOT}/Pods/Target Support Files/Pods-MemeMeUITests/Pods-MemeMeUITests-frameworks.sh\"\n";
			showEnvVarsInLog = 0;
		};
/* End PBXShellScriptBuildPhase section */

/* Begin PBXSourcesBuildPhase section */
		EE894AB41E5C99AC0066A4FE /* Sources */ = {
			isa = PBXSourcesBuildPhase;
			buildActionMask = 2147483647;
			files = (
				EE6C54A51E9F52F40014A102 /* Default.swift in Sources */,
				EE6C54A61E9F52F40014A102 /* Error_.swift in Sources */,
				EE6C54A71E9F52F40014A102 /* UIView+Fadeable.swift in Sources */,
				EE44A7E01E97D39800C9C49F /* ArtKitButton.swift in Sources */,
				EE6C54AB1E9FA0760014A102 /* Overlay.swift in Sources */,
				EE894ABE1E5C99AC0066A4FE /* MemeEditorViewController.swift in Sources */,
				EEB3C4C51E9C703900871423 /* ViewController.swift in Sources */,
				EE6C54AD1EA068E90014A102 /* Keyboard.swift in Sources */,
				EE4C810F1EA39C0A009CA8EA /* FocusOnContentView.swift in Sources */,
				EE894ABC1E5C99AC0066A4FE /* AppDelegate.swift in Sources */,
				EE6C54AF1EA08DF50014A102 /* UIView+Animations.swift in Sources */,
				EEDF112D1E9BAD0200BCCF05 /* DynamicImageView.swift in Sources */,
				EE6C54A91E9F54A10014A102 /* CGSize+Ease.swift in Sources */,
				EE4C810D1EA34E6C009CA8EA /* UIView+Convert.swift in Sources */,
				EE758CCC1EA26E1100F2E794 /* CGRect+Ease.swift in Sources */,
				EE6885A11E9CE9160021F696 /* MemeView.swift in Sources */,
				EE6C54A41E9F52F40014A102 /* TextField.swift in Sources */,
				EEDA3F7A1E9D1D83006ABCCC /* FocusOnTextView.swift in Sources */,
				EE44A7DE1E97D23200C9C49F /* ArtKit.swift in Sources */,
			);
			runOnlyForDeploymentPostprocessing = 0;
		};
		EE894AC81E5C99AC0066A4FE /* Sources */ = {
			isa = PBXSourcesBuildPhase;
			buildActionMask = 2147483647;
			files = (
				EE894AD11E5C99AC0066A4FE /* MemeMeTests.swift in Sources */,
			);
			runOnlyForDeploymentPostprocessing = 0;
		};
		EE894AD31E5C99AC0066A4FE /* Sources */ = {
			isa = PBXSourcesBuildPhase;
			buildActionMask = 2147483647;
			files = (
				EE894ADC1E5C99AC0066A4FE /* MemeMeUITests.swift in Sources */,
			);
			runOnlyForDeploymentPostprocessing = 0;
		};
/* End PBXSourcesBuildPhase section */

/* Begin PBXTargetDependency section */
		EE894ACE1E5C99AC0066A4FE /* PBXTargetDependency */ = {
			isa = PBXTargetDependency;
			target = EE894AB71E5C99AC0066A4FE /* MemeMe */;
			targetProxy = EE894ACD1E5C99AC0066A4FE /* PBXContainerItemProxy */;
		};
		EE894AD91E5C99AC0066A4FE /* PBXTargetDependency */ = {
			isa = PBXTargetDependency;
			target = EE894AB71E5C99AC0066A4FE /* MemeMe */;
			targetProxy = EE894AD81E5C99AC0066A4FE /* PBXContainerItemProxy */;
		};
/* End PBXTargetDependency section */

/* Begin PBXVariantGroup section */
		EE894ABF1E5C99AC0066A4FE /* Main.storyboard */ = {
			isa = PBXVariantGroup;
			children = (
				EE894AC01E5C99AC0066A4FE /* Base */,
			);
			name = Main.storyboard;
			sourceTree = "<group>";
		};
		EE894AC41E5C99AC0066A4FE /* LaunchScreen.storyboard */ = {
			isa = PBXVariantGroup;
			children = (
				EE894AC51E5C99AC0066A4FE /* Base */,
			);
			name = LaunchScreen.storyboard;
			sourceTree = "<group>";
		};
/* End PBXVariantGroup section */

/* Begin XCBuildConfiguration section */
		EE894ADE1E5C99AC0066A4FE /* Debug */ = {
			isa = XCBuildConfiguration;
			buildSettings = {
				ALWAYS_SEARCH_USER_PATHS = NO;
				CLANG_ANALYZER_NONNULL = YES;
				CLANG_CXX_LANGUAGE_STANDARD = "gnu++0x";
				CLANG_CXX_LIBRARY = "libc++";
				CLANG_ENABLE_MODULES = YES;
				CLANG_ENABLE_OBJC_ARC = YES;
				CLANG_WARN_BOOL_CONVERSION = YES;
				CLANG_WARN_CONSTANT_CONVERSION = YES;
				CLANG_WARN_DIRECT_OBJC_ISA_USAGE = YES_ERROR;
				CLANG_WARN_DOCUMENTATION_COMMENTS = YES;
				CLANG_WARN_EMPTY_BODY = YES;
				CLANG_WARN_ENUM_CONVERSION = YES;
				CLANG_WARN_INFINITE_RECURSION = YES;
				CLANG_WARN_INT_CONVERSION = YES;
				CLANG_WARN_OBJC_ROOT_CLASS = YES_ERROR;
				CLANG_WARN_SUSPICIOUS_MOVE = YES;
				CLANG_WARN_UNREACHABLE_CODE = YES;
				CLANG_WARN__DUPLICATE_METHOD_MATCH = YES;
				"CODE_SIGN_IDENTITY[sdk=iphoneos*]" = "iPhone Developer";
				COPY_PHASE_STRIP = NO;
				DEBUG_INFORMATION_FORMAT = dwarf;
				ENABLE_STRICT_OBJC_MSGSEND = YES;
				ENABLE_TESTABILITY = YES;
				GCC_C_LANGUAGE_STANDARD = gnu99;
				GCC_DYNAMIC_NO_PIC = NO;
				GCC_NO_COMMON_BLOCKS = YES;
				GCC_OPTIMIZATION_LEVEL = 0;
				GCC_PREPROCESSOR_DEFINITIONS = (
					"DEBUG=1",
					"$(inherited)",
				);
				GCC_WARN_64_TO_32_BIT_CONVERSION = YES;
				GCC_WARN_ABOUT_RETURN_TYPE = YES_ERROR;
				GCC_WARN_UNDECLARED_SELECTOR = YES;
				GCC_WARN_UNINITIALIZED_AUTOS = YES_AGGRESSIVE;
				GCC_WARN_UNUSED_FUNCTION = YES;
				GCC_WARN_UNUSED_VARIABLE = YES;
				IPHONEOS_DEPLOYMENT_TARGET = 10.2;
				MTL_ENABLE_DEBUG_INFO = YES;
				ONLY_ACTIVE_ARCH = YES;
				SDKROOT = iphoneos;
				SWIFT_ACTIVE_COMPILATION_CONDITIONS = DEBUG;
				SWIFT_OPTIMIZATION_LEVEL = "-Onone";
				TARGETED_DEVICE_FAMILY = "1,2";
			};
			name = Debug;
		};
		EE894ADF1E5C99AC0066A4FE /* Release */ = {
			isa = XCBuildConfiguration;
			buildSettings = {
				ALWAYS_SEARCH_USER_PATHS = NO;
				CLANG_ANALYZER_NONNULL = YES;
				CLANG_CXX_LANGUAGE_STANDARD = "gnu++0x";
				CLANG_CXX_LIBRARY = "libc++";
				CLANG_ENABLE_MODULES = YES;
				CLANG_ENABLE_OBJC_ARC = YES;
				CLANG_WARN_BOOL_CONVERSION = YES;
				CLANG_WARN_CONSTANT_CONVERSION = YES;
				CLANG_WARN_DIRECT_OBJC_ISA_USAGE = YES_ERROR;
				CLANG_WARN_DOCUMENTATION_COMMENTS = YES;
				CLANG_WARN_EMPTY_BODY = YES;
				CLANG_WARN_ENUM_CONVERSION = YES;
				CLANG_WARN_INFINITE_RECURSION = YES;
				CLANG_WARN_INT_CONVERSION = YES;
				CLANG_WARN_OBJC_ROOT_CLASS = YES_ERROR;
				CLANG_WARN_SUSPICIOUS_MOVE = YES;
				CLANG_WARN_UNREACHABLE_CODE = YES;
				CLANG_WARN__DUPLICATE_METHOD_MATCH = YES;
				"CODE_SIGN_IDENTITY[sdk=iphoneos*]" = "iPhone Developer";
				COPY_PHASE_STRIP = NO;
				DEBUG_INFORMATION_FORMAT = "dwarf-with-dsym";
				ENABLE_NS_ASSERTIONS = NO;
				ENABLE_STRICT_OBJC_MSGSEND = YES;
				GCC_C_LANGUAGE_STANDARD = gnu99;
				GCC_NO_COMMON_BLOCKS = YES;
				GCC_WARN_64_TO_32_BIT_CONVERSION = YES;
				GCC_WARN_ABOUT_RETURN_TYPE = YES_ERROR;
				GCC_WARN_UNDECLARED_SELECTOR = YES;
				GCC_WARN_UNINITIALIZED_AUTOS = YES_AGGRESSIVE;
				GCC_WARN_UNUSED_FUNCTION = YES;
				GCC_WARN_UNUSED_VARIABLE = YES;
				IPHONEOS_DEPLOYMENT_TARGET = 10.2;
				MTL_ENABLE_DEBUG_INFO = NO;
				SDKROOT = iphoneos;
				SWIFT_OPTIMIZATION_LEVEL = "-Owholemodule";
				TARGETED_DEVICE_FAMILY = "1,2";
				VALIDATE_PRODUCT = YES;
			};
			name = Release;
		};
		EE894AE11E5C99AC0066A4FE /* Debug */ = {
			isa = XCBuildConfiguration;
			baseConfigurationReference = 6BB33ACFCB4122BA83B8DAD6 /* Pods-MemeMe.debug.xcconfig */;
			buildSettings = {
				ASSETCATALOG_COMPILER_APPICON_NAME = AppIcon;
				DEVELOPMENT_TEAM = AR27PDZ76S;
				INFOPLIST_FILE = MemeMe/Info.plist;
				LD_RUNPATH_SEARCH_PATHS = "$(inherited) @executable_path/Frameworks";
				PRODUCT_BUNDLE_IDENTIFIER = com.from101.MemeMe;
				PRODUCT_NAME = "$(TARGET_NAME)";
				SWIFT_VERSION = 3.0;
			};
			name = Debug;
		};
		EE894AE21E5C99AC0066A4FE /* Release */ = {
			isa = XCBuildConfiguration;
			baseConfigurationReference = 6B55D7A7E7413C0C698A8AD7 /* Pods-MemeMe.release.xcconfig */;
			buildSettings = {
				ASSETCATALOG_COMPILER_APPICON_NAME = AppIcon;
				DEVELOPMENT_TEAM = AR27PDZ76S;
				INFOPLIST_FILE = MemeMe/Info.plist;
				LD_RUNPATH_SEARCH_PATHS = "$(inherited) @executable_path/Frameworks";
				PRODUCT_BUNDLE_IDENTIFIER = com.from101.MemeMe;
				PRODUCT_NAME = "$(TARGET_NAME)";
				SWIFT_VERSION = 3.0;
			};
			name = Release;
		};
		EE894AE41E5C99AC0066A4FE /* Debug */ = {
			isa = XCBuildConfiguration;
			baseConfigurationReference = 4DE4132AE264A20E9960029E /* Pods-MemeMeTests.debug.xcconfig */;
			buildSettings = {
				ALWAYS_EMBED_SWIFT_STANDARD_LIBRARIES = YES;
				BUNDLE_LOADER = "$(TEST_HOST)";
				DEVELOPMENT_TEAM = AR27PDZ76S;
				INFOPLIST_FILE = MemeMeTests/Info.plist;
				LD_RUNPATH_SEARCH_PATHS = "$(inherited) @executable_path/Frameworks @loader_path/Frameworks";
				PRODUCT_BUNDLE_IDENTIFIER = com.from101.MemeMeTests;
				PRODUCT_NAME = "$(TARGET_NAME)";
				SWIFT_VERSION = 3.0;
				TEST_HOST = "$(BUILT_PRODUCTS_DIR)/MemeMe.app/MemeMe";
			};
			name = Debug;
		};
		EE894AE51E5C99AC0066A4FE /* Release */ = {
			isa = XCBuildConfiguration;
			baseConfigurationReference = 505D273B2CC2E30370DC21FA /* Pods-MemeMeTests.release.xcconfig */;
			buildSettings = {
				ALWAYS_EMBED_SWIFT_STANDARD_LIBRARIES = YES;
				BUNDLE_LOADER = "$(TEST_HOST)";
				DEVELOPMENT_TEAM = AR27PDZ76S;
				INFOPLIST_FILE = MemeMeTests/Info.plist;
				LD_RUNPATH_SEARCH_PATHS = "$(inherited) @executable_path/Frameworks @loader_path/Frameworks";
				PRODUCT_BUNDLE_IDENTIFIER = com.from101.MemeMeTests;
				PRODUCT_NAME = "$(TARGET_NAME)";
				SWIFT_VERSION = 3.0;
				TEST_HOST = "$(BUILT_PRODUCTS_DIR)/MemeMe.app/MemeMe";
			};
			name = Release;
		};
		EE894AE71E5C99AC0066A4FE /* Debug */ = {
			isa = XCBuildConfiguration;
			baseConfigurationReference = 94E4233EFE3F4A0EB967850B /* Pods-MemeMeUITests.debug.xcconfig */;
			buildSettings = {
				ALWAYS_EMBED_SWIFT_STANDARD_LIBRARIES = YES;
				DEVELOPMENT_TEAM = AR27PDZ76S;
				INFOPLIST_FILE = MemeMeUITests/Info.plist;
				LD_RUNPATH_SEARCH_PATHS = "$(inherited) @executable_path/Frameworks @loader_path/Frameworks";
				PRODUCT_BUNDLE_IDENTIFIER = com.from101.MemeMeUITests;
				PRODUCT_NAME = "$(TARGET_NAME)";
				SWIFT_VERSION = 3.0;
				TEST_TARGET_NAME = MemeMe;
			};
			name = Debug;
		};
		EE894AE81E5C99AC0066A4FE /* Release */ = {
			isa = XCBuildConfiguration;
			baseConfigurationReference = 1A2B45E0091610C302DAAEF0 /* Pods-MemeMeUITests.release.xcconfig */;
			buildSettings = {
				ALWAYS_EMBED_SWIFT_STANDARD_LIBRARIES = YES;
				DEVELOPMENT_TEAM = AR27PDZ76S;
				INFOPLIST_FILE = MemeMeUITests/Info.plist;
				LD_RUNPATH_SEARCH_PATHS = "$(inherited) @executable_path/Frameworks @loader_path/Frameworks";
				PRODUCT_BUNDLE_IDENTIFIER = com.from101.MemeMeUITests;
				PRODUCT_NAME = "$(TARGET_NAME)";
				SWIFT_VERSION = 3.0;
				TEST_TARGET_NAME = MemeMe;
			};
			name = Release;
		};
/* End XCBuildConfiguration section */

/* Begin XCConfigurationList section */
		EE894AB31E5C99AC0066A4FE /* Build configuration list for PBXProject "MemeMe" */ = {
			isa = XCConfigurationList;
			buildConfigurations = (
				EE894ADE1E5C99AC0066A4FE /* Debug */,
				EE894ADF1E5C99AC0066A4FE /* Release */,
			);
			defaultConfigurationIsVisible = 0;
			defaultConfigurationName = Release;
		};
		EE894AE01E5C99AC0066A4FE /* Build configuration list for PBXNativeTarget "MemeMe" */ = {
			isa = XCConfigurationList;
			buildConfigurations = (
				EE894AE11E5C99AC0066A4FE /* Debug */,
				EE894AE21E5C99AC0066A4FE /* Release */,
			);
			defaultConfigurationIsVisible = 0;
			defaultConfigurationName = Release;
		};
		EE894AE31E5C99AC0066A4FE /* Build configuration list for PBXNativeTarget "MemeMeTests" */ = {
			isa = XCConfigurationList;
			buildConfigurations = (
				EE894AE41E5C99AC0066A4FE /* Debug */,
				EE894AE51E5C99AC0066A4FE /* Release */,
			);
			defaultConfigurationIsVisible = 0;
			defaultConfigurationName = Release;
		};
		EE894AE61E5C99AC0066A4FE /* Build configuration list for PBXNativeTarget "MemeMeUITests" */ = {
			isa = XCConfigurationList;
			buildConfigurations = (
				EE894AE71E5C99AC0066A4FE /* Debug */,
				EE894AE81E5C99AC0066A4FE /* Release */,
			);
			defaultConfigurationIsVisible = 0;
			defaultConfigurationName = Release;
		};
/* End XCConfigurationList section */
	};
	rootObject = EE894AB01E5C99AC0066A4FE /* Project object */;
}
