PODS:
  - LoremIpsum (1.0.0)
  - PureLayout (3.0.2)

DEPENDENCIES:
  - LoremIpsum (~> 1.0)
  - PureLayout

SPEC CHECKSUMS:
  LoremIpsum: 9029c55d36501b2ee0b05cc9ecda11d3a0479160
  PureLayout: 4d550abe49a94f24c2808b9b95db9131685fe4cd

PODFILE CHECKSUM: c059c4d498b42f3f43304788f9866fc810fd1ad2

COCOAPODS: 1.2.0.beta.1
